// !$*UTF8*$!
{
	archiveVersion = 1;
	classes = {
	};
	objectVersion = 56;
	objects = {

/* Begin PBXBuildFile section */
		468ECF362A8551BF0015745B /* AppDelegate.swift in Sources */ = {isa = PBXBuildFile; fileRef = 468ECF352A8551BF0015745B /* AppDelegate.swift */; };
		468ECF382A8551BF0015745B /* SceneDelegate.swift in Sources */ = {isa = PBXBuildFile; fileRef = 468ECF372A8551BF0015745B /* SceneDelegate.swift */; };
		468ECF3A2A8551BF0015745B /* ViewController.swift in Sources */ = {isa = PBXBuildFile; fileRef = 468ECF392A8551BF0015745B /* ViewController.swift */; };
		468ECF3D2A8551BF0015745B /* Main.storyboard in Resources */ = {isa = PBXBuildFile; fileRef = 468ECF3B2A8551BF0015745B /* Main.storyboard */; };
		468ECF3F2A8551C00015745B /* Assets.xcassets in Resources */ = {isa = PBXBuildFile; fileRef = 468ECF3E2A8551C00015745B /* Assets.xcassets */; };
		468ECF422A8551C00015745B /* LaunchScreen.storyboard in Resources */ = {isa = PBXBuildFile; fileRef = 468ECF402A8551C00015745B /* LaunchScreen.storyboard */; };
		468ECF4B2A8552B50015745B /* SpringAnimation in Frameworks */ = {isa = PBXBuildFile; productRef = 468ECF4A2A8552B50015745B /* SpringAnimation */; };
		46B6392C2A8B600F00521161 /* DataStore.swift in Sources */ = {isa = PBXBuildFile; fileRef = 46B6392B2A8B600F00521161 /* DataStore.swift */; };
		46B6392E2A8BB82800521161 /* Animation.swift in Sources */ = {isa = PBXBuildFile; fileRef = 46B6392D2A8BB82800521161 /* Animation.swift */; };
/* End PBXBuildFile section */

/* Begin PBXFileReference section */
		468ECF322A8551BF0015745B /* SpringApplication 3.01.app */ = {isa = PBXFileReference; explicitFileType = wrapper.application; includeInIndex = 0; path = "SpringApplication 3.01.app"; sourceTree = BUILT_PRODUCTS_DIR; };
		468ECF352A8551BF0015745B /* AppDelegate.swift */ = {isa = PBXFileReference; lastKnownFileType = sourcecode.swift; path = AppDelegate.swift; sourceTree = "<group>"; };
		468ECF372A8551BF0015745B /* SceneDelegate.swift */ = {isa = PBXFileReference; lastKnownFileType = sourcecode.swift; path = SceneDelegate.swift; sourceTree = "<group>"; };
		468ECF392A8551BF0015745B /* ViewController.swift */ = {isa = PBXFileReference; lastKnownFileType = sourcecode.swift; path = ViewController.swift; sourceTree = "<group>"; };
		468ECF3C2A8551BF0015745B /* Base */ = {isa = PBXFileReference; lastKnownFileType = file.storyboard; name = Base; path = Base.lproj/Main.storyboard; sourceTree = "<group>"; };
		468ECF3E2A8551C00015745B /* Assets.xcassets */ = {isa = PBXFileReference; lastKnownFileType = folder.assetcatalog; path = Assets.xcassets; sourceTree = "<group>"; };
		468ECF412A8551C00015745B /* Base */ = {isa = PBXFileReference; lastKnownFileType = file.storyboard; name = Base; path = Base.lproj/LaunchScreen.storyboard; sourceTree = "<group>"; };
		468ECF432A8551C00015745B /* Info.plist */ = {isa = PBXFileReference; lastKnownFileType = text.plist.xml; path = Info.plist; sourceTree = "<group>"; };
		46B6392B2A8B600F00521161 /* DataStore.swift */ = {isa = PBXFileReference; lastKnownFileType = sourcecode.swift; path = DataStore.swift; sourceTree = "<group>"; };
		46B6392D2A8BB82800521161 /* Animation.swift */ = {isa = PBXFileReference; lastKnownFileType = sourcecode.swift; path = Animation.swift; sourceTree = "<group>"; };
/* End PBXFileReference section */

/* Begin PBXFrameworksBuildPhase section */
		468ECF2F2A8551BF0015745B /* Frameworks */ = {
			isa = PBXFrameworksBuildPhase;
			buildActionMask = 2147483647;
			files = (
				468ECF4B2A8552B50015745B /* SpringAnimation in Frameworks */,
			);
			runOnlyForDeploymentPostprocessing = 0;
		};
/* End PBXFrameworksBuildPhase section */

/* Begin PBXGroup section */
		468ECF292A8551BF0015745B = {
			isa = PBXGroup;
			children = (
				468ECF342A8551BF0015745B /* SpringApplication 3.01 */,
				468ECF332A8551BF0015745B /* Products */,
			);
			sourceTree = "<group>";
		};
		468ECF332A8551BF0015745B /* Products */ = {
			isa = PBXGroup;
			children = (
				468ECF322A8551BF0015745B /* SpringApplication 3.01.app */,
			);
			name = Products;
			sourceTree = "<group>";
		};
		468ECF342A8551BF0015745B /* SpringApplication 3.01 */ = {
			isa = PBXGroup;
			children = (
				468ECF4E2A8553370015745B /* App */,
				46B6392A2A8B5E7A00521161 /* Models */,
				46B639292A8B5E6800521161 /* Services */,
				468ECF4D2A8553050015745B /* ViewControllers */,
				468ECF4C2A8552F20015745B /* Storyboards */,
				468ECF4F2A8553ED0015745B /* Resources */,
			);
			path = "SpringApplication 3.01";
			sourceTree = "<group>";
		};
		468ECF4C2A8552F20015745B /* Storyboards */ = {
			isa = PBXGroup;
			children = (
				468ECF3B2A8551BF0015745B /* Main.storyboard */,
				468ECF402A8551C00015745B /* LaunchScreen.storyboard */,
			);
			path = Storyboards;
			sourceTree = "<group>";
		};
		468ECF4D2A8553050015745B /* ViewControllers */ = {
			isa = PBXGroup;
			children = (
				468ECF392A8551BF0015745B /* ViewController.swift */,
			);
			path = ViewControllers;
			sourceTree = "<group>";
		};
		468ECF4E2A8553370015745B /* App */ = {
			isa = PBXGroup;
			children = (
				468ECF352A8551BF0015745B /* AppDelegate.swift */,
				468ECF372A8551BF0015745B /* SceneDelegate.swift */,
				468ECF432A8551C00015745B /* Info.plist */,
			);
			path = App;
			sourceTree = "<group>";
		};
		468ECF4F2A8553ED0015745B /* Resources */ = {
			isa = PBXGroup;
			children = (
				468ECF3E2A8551C00015745B /* Assets.xcassets */,
			);
			path = Resources;
			sourceTree = "<group>";
		};
		46B639292A8B5E6800521161 /* Services */ = {
			isa = PBXGroup;
			children = (
				46B6392B2A8B600F00521161 /* DataStore.swift */,
			);
			path = Services;
			sourceTree = "<group>";
		};
		46B6392A2A8B5E7A00521161 /* Models */ = {
			isa = PBXGroup;
			children = (
				46B6392D2A8BB82800521161 /* Animation.swift */,
			);
			path = Models;
			sourceTree = "<group>";
		};
/* End PBXGroup section */

/* Begin PBXNativeTarget section */
		468ECF312A8551BF0015745B /* SpringApplication 3.01 */ = {
			isa = PBXNativeTarget;
			buildConfigurationList = 468ECF462A8551C00015745B /* Build configuration list for PBXNativeTarget "SpringApplication 3.01" */;
			buildPhases = (
				468ECF2E2A8551BF0015745B /* Sources */,
				468ECF2F2A8551BF0015745B /* Frameworks */,
				468ECF302A8551BF0015745B /* Resources */,
			);
			buildRules = (
			);
			dependencies = (
			);
			name = "SpringApplication 3.01";
			packageProductDependencies = (
				468ECF4A2A8552B50015745B /* SpringAnimation */,
			);
			productName = "SpringApplication 3.01";
			productReference = 468ECF322A8551BF0015745B /* SpringApplication 3.01.app */;
			productType = "com.apple.product-type.application";
		};
/* End PBXNativeTarget section */

/* Begin PBXProject section */
		468ECF2A2A8551BF0015745B /* Project object */ = {
			isa = PBXProject;
			attributes = {
				BuildIndependentTargetsInParallel = 1;
				LastSwiftUpdateCheck = 1430;
				LastUpgradeCheck = 1430;
				TargetAttributes = {
					468ECF312A8551BF0015745B = {
						CreatedOnToolsVersion = 14.3.1;
					};
				};
			};
			buildConfigurationList = 468ECF2D2A8551BF0015745B /* Build configuration list for PBXProject "SpringApplication 3.01" */;
			compatibilityVersion = "Xcode 14.0";
			developmentRegion = en;
			hasScannedForEncodings = 0;
			knownRegions = (
				en,
				Base,
			);
			mainGroup = 468ECF292A8551BF0015745B;
			packageReferences = (
				468ECF492A8552B50015745B /* XCRemoteSwiftPackageReference "SpringAnimation" */,
			);
			productRefGroup = 468ECF332A8551BF0015745B /* Products */;
			projectDirPath = "";
			projectRoot = "";
			targets = (
				468ECF312A8551BF0015745B /* SpringApplication 3.01 */,
			);
		};
/* End PBXProject section */

/* Begin PBXResourcesBuildPhase section */
		468ECF302A8551BF0015745B /* Resources */ = {
			isa = PBXResourcesBuildPhase;
			buildActionMask = 2147483647;
			files = (
				468ECF422A8551C00015745B /* LaunchScreen.storyboard in Resources */,
				468ECF3F2A8551C00015745B /* Assets.xcassets in Resources */,
				468ECF3D2A8551BF0015745B /* Main.storyboard in Resources */,
			);
			runOnlyForDeploymentPostprocessing = 0;
		};
/* End PBXResourcesBuildPhase section */

/* Begin PBXSourcesBuildPhase section */
		468ECF2E2A8551BF0015745B /* Sources */ = {
			isa = PBXSourcesBuildPhase;
			buildActionMask = 2147483647;
			files = (
				468ECF3A2A8551BF0015745B /* ViewController.swift in Sources */,
				46B6392C2A8B600F00521161 /* DataStore.swift in Sources */,
				468ECF362A8551BF0015745B /* AppDelegate.swift in Sources */,
				46B6392E2A8BB82800521161 /* Animation.swift in Sources */,
				468ECF382A8551BF0015745B /* SceneDelegate.swift in Sources */,
			);
			runOnlyForDeploymentPostprocessing = 0;
		};
/* End PBXSourcesBuildPhase section */

/* Begin PBXVariantGroup section */
		468ECF3B2A8551BF0015745B /* Main.storyboard */ = {
			isa = PBXVariantGroup;
			children = (
				468ECF3C2A8551BF0015745B /* Base */,
			);
			name = Main.storyboard;
			sourceTree = "<group>";
		};
		468ECF402A8551C00015745B /* LaunchScreen.storyboard */ = {
			isa = PBXVariantGroup;
			children = (
				468ECF412A8551C00015745B /* Base */,
			);
			name = LaunchScreen.storyboard;
			sourceTree = "<group>";
		};
/* End PBXVariantGroup section */

/* Begin XCBuildConfiguration section */
		468ECF442A8551C00015745B /* Debug */ = {
			isa = XCBuildConfiguration;
			buildSettings = {
				ALWAYS_SEARCH_USER_PATHS = NO;
				CLANG_ANALYZER_NONNULL = YES;
				CLANG_ANALYZER_NUMBER_OBJECT_CONVERSION = YES_AGGRESSIVE;
				CLANG_CXX_LANGUAGE_STANDARD = "gnu++20";
				CLANG_ENABLE_MODULES = YES;
				CLANG_ENABLE_OBJC_ARC = YES;
				CLANG_ENABLE_OBJC_WEAK = YES;
				CLANG_WARN_BLOCK_CAPTURE_AUTORELEASING = YES;
				CLANG_WARN_BOOL_CONVERSION = YES;
				CLANG_WARN_COMMA = YES;
				CLANG_WARN_CONSTANT_CONVERSION = YES;
				CLANG_WARN_DEPRECATED_OBJC_IMPLEMENTATIONS = YES;
				CLANG_WARN_DIRECT_OBJC_ISA_USAGE = YES_ERROR;
				CLANG_WARN_DOCUMENTATION_COMMENTS = YES;
				CLANG_WARN_EMPTY_BODY = YES;
				CLANG_WARN_ENUM_CONVERSION = YES;
				CLANG_WARN_INFINITE_RECURSION = YES;
				CLANG_WARN_INT_CONVERSION = YES;
				CLANG_WARN_NON_LITERAL_NULL_CONVERSION = YES;
				CLANG_WARN_OBJC_IMPLICIT_RETAIN_SELF = YES;
				CLANG_WARN_OBJC_LITERAL_CONVERSION = YES;
				CLANG_WARN_OBJC_ROOT_CLASS = YES_ERROR;
				CLANG_WARN_QUOTED_INCLUDE_IN_FRAMEWORK_HEADER = YES;
				CLANG_WARN_RANGE_LOOP_ANALYSIS = YES;
				CLANG_WARN_STRICT_PROTOTYPES = YES;
				CLANG_WARN_SUSPICIOUS_MOVE = YES;
				CLANG_WARN_UNGUARDED_AVAILABILITY = YES_AGGRESSIVE;
				CLANG_WARN_UNREACHABLE_CODE = YES;
				CLANG_WARN__DUPLICATE_METHOD_MATCH = YES;
				COPY_PHASE_STRIP = NO;
				DEBUG_INFORMATION_FORMAT = dwarf;
				ENABLE_STRICT_OBJC_MSGSEND = YES;
				ENABLE_TESTABILITY = YES;
				GCC_C_LANGUAGE_STANDARD = gnu11;
				GCC_DYNAMIC_NO_PIC = NO;
				GCC_NO_COMMON_BLOCKS = YES;
				GCC_OPTIMIZATION_LEVEL = 0;
				GCC_PREPROCESSOR_DEFINITIONS = (
					"DEBUG=1",
					"$(inherited)",
				);
				GCC_WARN_64_TO_32_BIT_CONVERSION = YES;
				GCC_WARN_ABOUT_RETURN_TYPE = YES_ERROR;
				GCC_WARN_UNDECLARED_SELECTOR = YES;
				GCC_WARN_UNINITIALIZED_AUTOS = YES_AGGRESSIVE;
				GCC_WARN_UNUSED_FUNCTION = YES;
				GCC_WARN_UNUSED_VARIABLE = YES;
				IPHONEOS_DEPLOYMENT_TARGET = 16.4;
				MTL_ENABLE_DEBUG_INFO = INCLUDE_SOURCE;
				MTL_FAST_MATH = YES;
				ONLY_ACTIVE_ARCH = YES;
				SDKROOT = iphoneos;
				SWIFT_ACTIVE_COMPILATION_CONDITIONS = DEBUG;
				SWIFT_OPTIMIZATION_LEVEL = "-Onone";
			};
			name = Debug;
		};
		468ECF452A8551C00015745B /* Release */ = {
			isa = XCBuildConfiguration;
			buildSettings = {
				ALWAYS_SEARCH_USER_PATHS = NO;
				CLANG_ANALYZER_NONNULL = YES;
				CLANG_ANALYZER_NUMBER_OBJECT_CONVERSION = YES_AGGRESSIVE;
				CLANG_CXX_LANGUAGE_STANDARD = "gnu++20";
				CLANG_ENABLE_MODULES = YES;
				CLANG_ENABLE_OBJC_ARC = YES;
				CLANG_ENABLE_OBJC_WEAK = YES;
				CLANG_WARN_BLOCK_CAPTURE_AUTORELEASING = YES;
				CLANG_WARN_BOOL_CONVERSION = YES;
				CLANG_WARN_COMMA = YES;
				CLANG_WARN_CONSTANT_CONVERSION = YES;
				CLANG_WARN_DEPRECATED_OBJC_IMPLEMENTATIONS = YES;
				CLANG_WARN_DIRECT_OBJC_ISA_USAGE = YES_ERROR;
				CLANG_WARN_DOCUMENTATION_COMMENTS = YES;
				CLANG_WARN_EMPTY_BODY = YES;
				CLANG_WARN_ENUM_CONVERSION = YES;
				CLANG_WARN_INFINITE_RECURSION = YES;
				CLANG_WARN_INT_CONVERSION = YES;
				CLANG_WARN_NON_LITERAL_NULL_CONVERSION = YES;
				CLANG_WARN_OBJC_IMPLICIT_RETAIN_SELF = YES;
				CLANG_WARN_OBJC_LITERAL_CONVERSION = YES;
				CLANG_WARN_OBJC_ROOT_CLASS = YES_ERROR;
				CLANG_WARN_QUOTED_INCLUDE_IN_FRAMEWORK_HEADER = YES;
				CLANG_WARN_RANGE_LOOP_ANALYSIS = YES;
				CLANG_WARN_STRICT_PROTOTYPES = YES;
				CLANG_WARN_SUSPICIOUS_MOVE = YES;
				CLANG_WARN_UNGUARDED_AVAILABILITY = YES_AGGRESSIVE;
				CLANG_WARN_UNREACHABLE_CODE = YES;
				CLANG_WARN__DUPLICATE_METHOD_MATCH = YES;
				COPY_PHASE_STRIP = NO;
				DEBUG_INFORMATION_FORMAT = "dwarf-with-dsym";
				ENABLE_NS_ASSERTIONS = NO;
				ENABLE_STRICT_OBJC_MSGSEND = YES;
				GCC_C_LANGUAGE_STANDARD = gnu11;
				GCC_NO_COMMON_BLOCKS = YES;
				GCC_WARN_64_TO_32_BIT_CONVERSION = YES;
				GCC_WARN_ABOUT_RETURN_TYPE = YES_ERROR;
				GCC_WARN_UNDECLARED_SELECTOR = YES;
				GCC_WARN_UNINITIALIZED_AUTOS = YES_AGGRESSIVE;
				GCC_WARN_UNUSED_FUNCTION = YES;
				GCC_WARN_UNUSED_VARIABLE = YES;
				IPHONEOS_DEPLOYMENT_TARGET = 16.4;
				MTL_ENABLE_DEBUG_INFO = NO;
				MTL_FAST_MATH = YES;
				SDKROOT = iphoneos;
				SWIFT_COMPILATION_MODE = wholemodule;
				SWIFT_OPTIMIZATION_LEVEL = "-O";
				VALIDATE_PRODUCT = YES;
			};
			name = Release;
		};
		468ECF472A8551C00015745B /* Debug */ = {
			isa = XCBuildConfiguration;
			buildSettings = {
				ASSETCATALOG_COMPILER_APPICON_NAME = AppIcon;
				ASSETCATALOG_COMPILER_GLOBAL_ACCENT_COLOR_NAME = AccentColor;
				CODE_SIGN_STYLE = Automatic;
				CURRENT_PROJECT_VERSION = 1;
				DEVELOPMENT_TEAM = 9NQQ3PAA4W;
				GENERATE_INFOPLIST_FILE = YES;
				INFOPLIST_FILE = "SpringApplication 3.01/App/Info.plist";
				INFOPLIST_KEY_UIApplicationSupportsIndirectInputEvents = YES;
				INFOPLIST_KEY_UILaunchStoryboardName = LaunchScreen;
				INFOPLIST_KEY_UIMainStoryboardFile = Main;
				INFOPLIST_KEY_UISupportedInterfaceOrientations_iPad = "UIInterfaceOrientationPortrait UIInterfaceOrientationPortraitUpsideDown UIInterfaceOrientationLandscapeLeft UIInterfaceOrientationLandscapeRight";
				INFOPLIST_KEY_UISupportedInterfaceOrientations_iPhone = "UIInterfaceOrientationPortrait UIInterfaceOrientationLandscapeLeft UIInterfaceOrientationLandscapeRight";
				LD_RUNPATH_SEARCH_PATHS = (
					"$(inherited)",
					"@executable_path/Frameworks",
				);
				MARKETING_VERSION = 1.0;
				PRODUCT_BUNDLE_IDENTIFIER = "com.Biibol.SpringApplication-3-01";
				PRODUCT_NAME = "$(TARGET_NAME)";
				SWIFT_EMIT_LOC_STRINGS = YES;
				SWIFT_VERSION = 5.0;
				TARGETED_DEVICE_FAMILY = "1,2";
			};
			name = Debug;
		};
		468ECF482A8551C00015745B /* Release */ = {
			isa = XCBuildConfiguration;
			buildSettings = {
				ASSETCATALOG_COMPILER_APPICON_NAME = AppIcon;
				ASSETCATALOG_COMPILER_GLOBAL_ACCENT_COLOR_NAME = AccentColor;
				CODE_SIGN_STYLE = Automatic;
				CURRENT_PROJECT_VERSION = 1;
				DEVELOPMENT_TEAM = 9NQQ3PAA4W;
				GENERATE_INFOPLIST_FILE = YES;
				INFOPLIST_FILE = "SpringApplication 3.01/App/Info.plist";
				INFOPLIST_KEY_UIApplicationSupportsIndirectInputEvents = YES;
				INFOPLIST_KEY_UILaunchStoryboardName = LaunchScreen;
				INFOPLIST_KEY_UIMainStoryboardFile = Main;
				INFOPLIST_KEY_UISupportedInterfaceOrientations_iPad = "UIInterfaceOrientationPortrait UIInterfaceOrientationPortraitUpsideDown UIInterfaceOrientationLandscapeLeft UIInterfaceOrientationLandscapeRight";
				INFOPLIST_KEY_UISupportedInterfaceOrientations_iPhone = "UIInterfaceOrientationPortrait UIInterfaceOrientationLandscapeLeft UIInterfaceOrientationLandscapeRight";
				LD_RUNPATH_SEARCH_PATHS = (
					"$(inherited)",
					"@executable_path/Frameworks",
				);
				MARKETING_VERSION = 1.0;
				PRODUCT_BUNDLE_IDENTIFIER = "com.Biibol.SpringApplication-3-01";
				PRODUCT_NAME = "$(TARGET_NAME)";
				SWIFT_EMIT_LOC_STRINGS = YES;
				SWIFT_VERSION = 5.0;
				TARGETED_DEVICE_FAMILY = "1,2";
			};
			name = Release;
		};
/* End XCBuildConfiguration section */

/* Begin XCConfigurationList section */
		468ECF2D2A8551BF0015745B /* Build configuration list for PBXProject "SpringApplication 3.01" */ = {
			isa = XCConfigurationList;
			buildConfigurations = (
				468ECF442A8551C00015745B /* Debug */,
				468ECF452A8551C00015745B /* Release */,
			);
			defaultConfigurationIsVisible = 0;
			defaultConfigurationName = Release;
		};
		468ECF462A8551C00015745B /* Build configuration list for PBXNativeTarget "SpringApplication 3.01" */ = {
			isa = XCConfigurationList;
			buildConfigurations = (
				468ECF472A8551C00015745B /* Debug */,
				468ECF482A8551C00015745B /* Release */,
			);
			defaultConfigurationIsVisible = 0;
			defaultConfigurationName = Release;
		};
/* End XCConfigurationList section */

/* Begin XCRemoteSwiftPackageReference section */
		468ECF492A8552B50015745B /* XCRemoteSwiftPackageReference "SpringAnimation" */ = {
			isa = XCRemoteSwiftPackageReference;
			repositoryURL = "https://github.com/LexDeBash/SpringAnimation.git";
			requirement = {
				kind = upToNextMajorVersion;
				minimumVersion = 0.3.0;
			};
		};
/* End XCRemoteSwiftPackageReference section */

/* Begin XCSwiftPackageProductDependency section */
		468ECF4A2A8552B50015745B /* SpringAnimation */ = {
			isa = XCSwiftPackageProductDependency;
			package = 468ECF492A8552B50015745B /* XCRemoteSwiftPackageReference "SpringAnimation" */;
			productName = SpringAnimation;
		};
/* End XCSwiftPackageProductDependency section */
	};
	rootObject = 468ECF2A2A8551BF0015745B /* Project object */;
}
